
Microsoft Visual Studio Solution File, Format Version 12.00
# Visual Studio Version 16
VisualStudioVersion = 16.0.31019.35
MinimumVisualStudioVersion = 10.0.40219.1
Project("{FAE04EC0-301F-11D3-BF4B-00C04F79EFBC}") = "WebApplication2", "WebApplication2\WebApplication2.csproj", "{8C07DE97-ED98-4640-9516-96F8AB0187FF}"
EndProject
Global
	GlobalSection(SolutionConfigurationPlatforms) = preSolution
		Debug|Any CPU = Debug|Any CPU
		Release|Any CPU = Release|Any CPU
	EndGlobalSection
	GlobalSection(ProjectConfigurationPlatforms) = postSolution
		{8C07DE97-ED98-4640-9516-96F8AB0187FF}.Debug|Any CPU.ActiveCfg = Debug|Any CPU
		{8C07DE97-ED98-4640-9516-96F8AB0187FF}.Debug|Any CPU.Build.0 = Debug|Any CPU
		{8C07DE97-ED98-4640-9516-96F8AB0187FF}.Release|Any CPU.ActiveCfg = Release|Any CPU
		{8C07DE97-ED98-4640-9516-96F8AB0187FF}.Release|Any CPU.Build.0 = Release|Any CPU
	EndGlobalSection
	GlobalSection(SolutionProperties) = preSolution
		HideSolutionNode = FALSE
	EndGlobalSection
	GlobalSection(ExtensibilityGlobals) = postSolution
		SolutionGuid = {2532210C-FBDA-43BD-9D1A-1B114EE3FC8C}
	EndGlobalSection
EndGlobal
